// !$*UTF8*$!
{
	archiveVersion = 1;
	classes = {
	};
	objectVersion = 50;
	objects = {

/* Begin PBXBuildFile section */
		C9CEFD2020C7436C00C9D445 /* AppDelegate.swift in Sources */ = {isa = PBXBuildFile; fileRef = C9CEFD1F20C7436C00C9D445 /* AppDelegate.swift */; };
		C9CEFD2220C7436C00C9D445 /* TodoListViewController.swift in Sources */ = {isa = PBXBuildFile; fileRef = C9CEFD2120C7436C00C9D445 /* TodoListViewController.swift */; };
		C9CEFD2520C7436C00C9D445 /* Main.storyboard in Resources */ = {isa = PBXBuildFile; fileRef = C9CEFD2320C7436C00C9D445 /* Main.storyboard */; };
		C9CEFD2720C7436E00C9D445 /* Assets.xcassets in Resources */ = {isa = PBXBuildFile; fileRef = C9CEFD2620C7436E00C9D445 /* Assets.xcassets */; };
		C9CEFD2A20C7436E00C9D445 /* LaunchScreen.storyboard in Resources */ = {isa = PBXBuildFile; fileRef = C9CEFD2820C7436E00C9D445 /* LaunchScreen.storyboard */; };
		C9CEFD3520C7436E00C9D445 /* TodoeyTests.swift in Sources */ = {isa = PBXBuildFile; fileRef = C9CEFD3420C7436E00C9D445 /* TodoeyTests.swift */; };
		C9CEFD4020C7436E00C9D445 /* TodoeyUITests.swift in Sources */ = {isa = PBXBuildFile; fileRef = C9CEFD3F20C7436E00C9D445 /* TodoeyUITests.swift */; };
		D41FBB5A20C8CBC9009D3598 /* Item.swift in Sources */ = {isa = PBXBuildFile; fileRef = D41FBB5920C8CBC9009D3598 /* Item.swift */; };
/* End PBXBuildFile section */

/* Begin PBXContainerItemProxy section */
		C9CEFD3120C7436E00C9D445 /* PBXContainerItemProxy */ = {
			isa = PBXContainerItemProxy;
			containerPortal = C9CEFD1420C7436C00C9D445 /* Project object */;
			proxyType = 1;
			remoteGlobalIDString = C9CEFD1B20C7436C00C9D445;
			remoteInfo = Todoey;
		};
		C9CEFD3C20C7436E00C9D445 /* PBXContainerItemProxy */ = {
			isa = PBXContainerItemProxy;
			containerPortal = C9CEFD1420C7436C00C9D445 /* Project object */;
			proxyType = 1;
			remoteGlobalIDString = C9CEFD1B20C7436C00C9D445;
			remoteInfo = Todoey;
		};
/* End PBXContainerItemProxy section */

/* Begin PBXFileReference section */
		C9CEFD1C20C7436C00C9D445 /* Todoey.app */ = {isa = PBXFileReference; explicitFileType = wrapper.application; includeInIndex = 0; path = Todoey.app; sourceTree = BUILT_PRODUCTS_DIR; };
		C9CEFD1F20C7436C00C9D445 /* AppDelegate.swift */ = {isa = PBXFileReference; lastKnownFileType = sourcecode.swift; path = AppDelegate.swift; sourceTree = "<group>"; };
		C9CEFD2120C7436C00C9D445 /* TodoListViewController.swift */ = {isa = PBXFileReference; lastKnownFileType = sourcecode.swift; path = TodoListViewController.swift; sourceTree = "<group>"; };
		C9CEFD2420C7436C00C9D445 /* Base */ = {isa = PBXFileReference; lastKnownFileType = file.storyboard; name = Base; path = Base.lproj/Main.storyboard; sourceTree = "<group>"; };
		C9CEFD2620C7436E00C9D445 /* Assets.xcassets */ = {isa = PBXFileReference; lastKnownFileType = folder.assetcatalog; path = Assets.xcassets; sourceTree = "<group>"; };
		C9CEFD2920C7436E00C9D445 /* Base */ = {isa = PBXFileReference; lastKnownFileType = file.storyboard; name = Base; path = Base.lproj/LaunchScreen.storyboard; sourceTree = "<group>"; };
		C9CEFD2B20C7436E00C9D445 /* Info.plist */ = {isa = PBXFileReference; lastKnownFileType = text.plist.xml; path = Info.plist; sourceTree = "<group>"; };
		C9CEFD3020C7436E00C9D445 /* TodoeyTests.xctest */ = {isa = PBXFileReference; explicitFileType = wrapper.cfbundle; includeInIndex = 0; path = TodoeyTests.xctest; sourceTree = BUILT_PRODUCTS_DIR; };
		C9CEFD3420C7436E00C9D445 /* TodoeyTests.swift */ = {isa = PBXFileReference; lastKnownFileType = sourcecode.swift; path = TodoeyTests.swift; sourceTree = "<group>"; };
		C9CEFD3620C7436E00C9D445 /* Info.plist */ = {isa = PBXFileReference; lastKnownFileType = text.plist.xml; path = Info.plist; sourceTree = "<group>"; };
		C9CEFD3B20C7436E00C9D445 /* TodoeyUITests.xctest */ = {isa = PBXFileReference; explicitFileType = wrapper.cfbundle; includeInIndex = 0; path = TodoeyUITests.xctest; sourceTree = BUILT_PRODUCTS_DIR; };
		C9CEFD3F20C7436E00C9D445 /* TodoeyUITests.swift */ = {isa = PBXFileReference; lastKnownFileType = sourcecode.swift; path = TodoeyUITests.swift; sourceTree = "<group>"; };
		C9CEFD4120C7436E00C9D445 /* Info.plist */ = {isa = PBXFileReference; lastKnownFileType = text.plist.xml; path = Info.plist; sourceTree = "<group>"; };
		D41FBB5920C8CBC9009D3598 /* Item.swift */ = {isa = PBXFileReference; lastKnownFileType = sourcecode.swift; path = Item.swift; sourceTree = "<group>"; };
/* End PBXFileReference section */

/* Begin PBXFrameworksBuildPhase section */
		C9CEFD1920C7436C00C9D445 /* Frameworks */ = {
			isa = PBXFrameworksBuildPhase;
			buildActionMask = 2147483647;
			files = (
			);
			runOnlyForDeploymentPostprocessing = 0;
		};
		C9CEFD2D20C7436E00C9D445 /* Frameworks */ = {
			isa = PBXFrameworksBuildPhase;
			buildActionMask = 2147483647;
			files = (
			);
			runOnlyForDeploymentPostprocessing = 0;
		};
		C9CEFD3820C7436E00C9D445 /* Frameworks */ = {
			isa = PBXFrameworksBuildPhase;
			buildActionMask = 2147483647;
			files = (
			);
			runOnlyForDeploymentPostprocessing = 0;
		};
/* End PBXFrameworksBuildPhase section */

/* Begin PBXGroup section */
		C9CEFD1320C7436C00C9D445 = {
			isa = PBXGroup;
			children = (
				C9CEFD1E20C7436C00C9D445 /* Todoey */,
				C9CEFD3320C7436E00C9D445 /* TodoeyTests */,
				C9CEFD3E20C7436E00C9D445 /* TodoeyUITests */,
				C9CEFD1D20C7436C00C9D445 /* Products */,
			);
			sourceTree = "<group>";
		};
		C9CEFD1D20C7436C00C9D445 /* Products */ = {
			isa = PBXGroup;
			children = (
				C9CEFD1C20C7436C00C9D445 /* Todoey.app */,
				C9CEFD3020C7436E00C9D445 /* TodoeyTests.xctest */,
				C9CEFD3B20C7436E00C9D445 /* TodoeyUITests.xctest */,
			);
			name = Products;
			sourceTree = "<group>";
		};
		C9CEFD1E20C7436C00C9D445 /* Todoey */ = {
			isa = PBXGroup;
			children = (
				C9CEFD1F20C7436C00C9D445 /* AppDelegate.swift */,
				D41FBB5D20C8CC66009D3598 /* Controllers */,
				D41FBB5B20C8CC16009D3598 /* model */,
				D41FBB5C20C8CC5A009D3598 /* View */,
				D41FBB5E20C8CC8B009D3598 /* Supporting Files */,
				C9CEFD2B20C7436E00C9D445 /* Info.plist */,
			);
			path = Todoey;
			sourceTree = "<group>";
		};
		C9CEFD3320C7436E00C9D445 /* TodoeyTests */ = {
			isa = PBXGroup;
			children = (
				C9CEFD3420C7436E00C9D445 /* TodoeyTests.swift */,
				C9CEFD3620C7436E00C9D445 /* Info.plist */,
			);
			path = TodoeyTests;
			sourceTree = "<group>";
		};
		C9CEFD3E20C7436E00C9D445 /* TodoeyUITests */ = {
			isa = PBXGroup;
			children = (
				C9CEFD3F20C7436E00C9D445 /* TodoeyUITests.swift */,
				C9CEFD4120C7436E00C9D445 /* Info.plist */,
			);
			path = TodoeyUITests;
			sourceTree = "<group>";
		};
		D41FBB5B20C8CC16009D3598 /* model */ = {
			isa = PBXGroup;
			children = (
				D41FBB5920C8CBC9009D3598 /* Item.swift */,
			);
			path = model;
			sourceTree = "<group>";
		};
		D41FBB5C20C8CC5A009D3598 /* View */ = {
			isa = PBXGroup;
			children = (
				C9CEFD2320C7436C00C9D445 /* Main.storyboard */,
			);
			path = View;
			sourceTree = "<group>";
		};
		D41FBB5D20C8CC66009D3598 /* Controllers */ = {
			isa = PBXGroup;
			children = (
				C9CEFD2120C7436C00C9D445 /* TodoListViewController.swift */,
			);
			path = Controllers;
			sourceTree = "<group>";
		};
		D41FBB5E20C8CC8B009D3598 /* Supporting Files */ = {
			isa = PBXGroup;
			children = (
				C9CEFD2620C7436E00C9D445 /* Assets.xcassets */,
				C9CEFD2820C7436E00C9D445 /* LaunchScreen.storyboard */,
			);
			path = "Supporting Files";
			sourceTree = "<group>";
		};
/* End PBXGroup section */

/* Begin PBXNativeTarget section */
		C9CEFD1B20C7436C00C9D445 /* Todoey */ = {
			isa = PBXNativeTarget;
			buildConfigurationList = C9CEFD4420C7436E00C9D445 /* Build configuration list for PBXNativeTarget "Todoey" */;
			buildPhases = (
				C9CEFD1820C7436C00C9D445 /* Sources */,
				C9CEFD1920C7436C00C9D445 /* Frameworks */,
				C9CEFD1A20C7436C00C9D445 /* Resources */,
			);
			buildRules = (
			);
			dependencies = (
			);
			name = Todoey;
			productName = Todoey;
			productReference = C9CEFD1C20C7436C00C9D445 /* Todoey.app */;
			productType = "com.apple.product-type.application";
		};
		C9CEFD2F20C7436E00C9D445 /* TodoeyTests */ = {
			isa = PBXNativeTarget;
			buildConfigurationList = C9CEFD4720C7436E00C9D445 /* Build configuration list for PBXNativeTarget "TodoeyTests" */;
			buildPhases = (
				C9CEFD2C20C7436E00C9D445 /* Sources */,
				C9CEFD2D20C7436E00C9D445 /* Frameworks */,
				C9CEFD2E20C7436E00C9D445 /* Resources */,
			);
			buildRules = (
			);
			dependencies = (
				C9CEFD3220C7436E00C9D445 /* PBXTargetDependency */,
			);
			name = TodoeyTests;
			productName = TodoeyTests;
			productReference = C9CEFD3020C7436E00C9D445 /* TodoeyTests.xctest */;
			productType = "com.apple.product-type.bundle.unit-test";
		};
		C9CEFD3A20C7436E00C9D445 /* TodoeyUITests */ = {
			isa = PBXNativeTarget;
			buildConfigurationList = C9CEFD4A20C7436E00C9D445 /* Build configuration list for PBXNativeTarget "TodoeyUITests" */;
			buildPhases = (
				C9CEFD3720C7436E00C9D445 /* Sources */,
				C9CEFD3820C7436E00C9D445 /* Frameworks */,
				C9CEFD3920C7436E00C9D445 /* Resources */,
			);
			buildRules = (
			);
			dependencies = (
				C9CEFD3D20C7436E00C9D445 /* PBXTargetDependency */,
			);
			name = TodoeyUITests;
			productName = TodoeyUITests;
			productReference = C9CEFD3B20C7436E00C9D445 /* TodoeyUITests.xctest */;
			productType = "com.apple.product-type.bundle.ui-testing";
		};
/* End PBXNativeTarget section */

/* Begin PBXProject section */
		C9CEFD1420C7436C00C9D445 /* Project object */ = {
			isa = PBXProject;
			attributes = {
				LastSwiftUpdateCheck = 0940;
				LastUpgradeCheck = 0940;
				ORGANIZATIONNAME = "Benavides, Jose";
				TargetAttributes = {
					C9CEFD1B20C7436C00C9D445 = {
						CreatedOnToolsVersion = 9.4;
					};
					C9CEFD2F20C7436E00C9D445 = {
						CreatedOnToolsVersion = 9.4;
						TestTargetID = C9CEFD1B20C7436C00C9D445;
					};
					C9CEFD3A20C7436E00C9D445 = {
						CreatedOnToolsVersion = 9.4;
						TestTargetID = C9CEFD1B20C7436C00C9D445;
					};
				};
			};
			buildConfigurationList = C9CEFD1720C7436C00C9D445 /* Build configuration list for PBXProject "Todoey" */;
			compatibilityVersion = "Xcode 9.3";
			developmentRegion = en;
			hasScannedForEncodings = 0;
			knownRegions = (
				en,
				Base,
			);
			mainGroup = C9CEFD1320C7436C00C9D445;
			productRefGroup = C9CEFD1D20C7436C00C9D445 /* Products */;
			projectDirPath = "";
			projectRoot = "";
			targets = (
				C9CEFD1B20C7436C00C9D445 /* Todoey */,
				C9CEFD2F20C7436E00C9D445 /* TodoeyTests */,
				C9CEFD3A20C7436E00C9D445 /* TodoeyUITests */,
			);
		};
/* End PBXProject section */

/* Begin PBXResourcesBuildPhase section */
		C9CEFD1A20C7436C00C9D445 /* Resources */ = {
			isa = PBXResourcesBuildPhase;
			buildActionMask = 2147483647;
			files = (
				C9CEFD2A20C7436E00C9D445 /* LaunchScreen.storyboard in Resources */,
				C9CEFD2720C7436E00C9D445 /* Assets.xcassets in Resources */,
				C9CEFD2520C7436C00C9D445 /* Main.storyboard in Resources */,
			);
			runOnlyForDeploymentPostprocessing = 0;
		};
		C9CEFD2E20C7436E00C9D445 /* Resources */ = {
			isa = PBXResourcesBuildPhase;
			buildActionMask = 2147483647;
			files = (
			);
			runOnlyForDeploymentPostprocessing = 0;
		};
		C9CEFD3920C7436E00C9D445 /* Resources */ = {
			isa = PBXResourcesBuildPhase;
			buildActionMask = 2147483647;
			files = (
			);
			runOnlyForDeploymentPostprocessing = 0;
		};
/* End PBXResourcesBuildPhase section */

/* Begin PBXSourcesBuildPhase section */
		C9CEFD1820C7436C00C9D445 /* Sources */ = {
			isa = PBXSourcesBuildPhase;
			buildActionMask = 2147483647;
			files = (
				C9CEFD2220C7436C00C9D445 /* TodoListViewController.swift in Sources */,
				D41FBB5A20C8CBC9009D3598 /* Item.swift in Sources */,
				C9CEFD2020C7436C00C9D445 /* AppDelegate.swift in Sources */,
			);
			runOnlyForDeploymentPostprocessing = 0;
		};
		C9CEFD2C20C7436E00C9D445 /* Sources */ = {
			isa = PBXSourcesBuildPhase;
			buildActionMask = 2147483647;
			files = (
				C9CEFD3520C7436E00C9D445 /* TodoeyTests.swift in Sources */,
			);
			runOnlyForDeploymentPostprocessing = 0;
		};
		C9CEFD3720C7436E00C9D445 /* Sources */ = {
			isa = PBXSourcesBuildPhase;
			buildActionMask = 2147483647;
			files = (
				C9CEFD4020C7436E00C9D445 /* TodoeyUITests.swift in Sources */,
			);
			runOnlyForDeploymentPostprocessing = 0;
		};
/* End PBXSourcesBuildPhase section */

/* Begin PBXTargetDependency section */
		C9CEFD3220C7436E00C9D445 /* PBXTargetDependency */ = {
			isa = PBXTargetDependency;
			target = C9CEFD1B20C7436C00C9D445 /* Todoey */;
			targetProxy = C9CEFD3120C7436E00C9D445 /* PBXContainerItemProxy */;
		};
		C9CEFD3D20C7436E00C9D445 /* PBXTargetDependency */ = {
			isa = PBXTargetDependency;
			target = C9CEFD1B20C7436C00C9D445 /* Todoey */;
			targetProxy = C9CEFD3C20C7436E00C9D445 /* PBXContainerItemProxy */;
		};
/* End PBXTargetDependency section */

/* Begin PBXVariantGroup section */
		C9CEFD2320C7436C00C9D445 /* Main.storyboard */ = {
			isa = PBXVariantGroup;
			children = (
				C9CEFD2420C7436C00C9D445 /* Base */,
			);
			name = Main.storyboard;
			sourceTree = "<group>";
		};
		C9CEFD2820C7436E00C9D445 /* LaunchScreen.storyboard */ = {
			isa = PBXVariantGroup;
			children = (
				C9CEFD2920C7436E00C9D445 /* Base */,
			);
			name = LaunchScreen.storyboard;
			sourceTree = "<group>";
		};
/* End PBXVariantGroup section */

/* Begin XCBuildConfiguration section */
		C9CEFD4220C7436E00C9D445 /* Debug */ = {
			isa = XCBuildConfiguration;
			buildSettings = {
				ALWAYS_SEARCH_USER_PATHS = NO;
				CLANG_ANALYZER_NONNULL = YES;
				CLANG_ANALYZER_NUMBER_OBJECT_CONVERSION = YES_AGGRESSIVE;
				CLANG_CXX_LANGUAGE_STANDARD = "gnu++14";
				CLANG_CXX_LIBRARY = "libc++";
				CLANG_ENABLE_MODULES = YES;
				CLANG_ENABLE_OBJC_ARC = YES;
				CLANG_ENABLE_OBJC_WEAK = YES;
				CLANG_WARN_BLOCK_CAPTURE_AUTORELEASING = YES;
				CLANG_WARN_BOOL_CONVERSION = YES;
				CLANG_WARN_COMMA = YES;
				CLANG_WARN_CONSTANT_CONVERSION = YES;
				CLANG_WARN_DEPRECATED_OBJC_IMPLEMENTATIONS = YES;
				CLANG_WARN_DIRECT_OBJC_ISA_USAGE = YES_ERROR;
				CLANG_WARN_DOCUMENTATION_COMMENTS = YES;
				CLANG_WARN_EMPTY_BODY = YES;
				CLANG_WARN_ENUM_CONVERSION = YES;
				CLANG_WARN_INFINITE_RECURSION = YES;
				CLANG_WARN_INT_CONVERSION = YES;
				CLANG_WARN_NON_LITERAL_NULL_CONVERSION = YES;
				CLANG_WARN_OBJC_IMPLICIT_RETAIN_SELF = YES;
				CLANG_WARN_OBJC_LITERAL_CONVERSION = YES;
				CLANG_WARN_OBJC_ROOT_CLASS = YES_ERROR;
				CLANG_WARN_RANGE_LOOP_ANALYSIS = YES;
				CLANG_WARN_STRICT_PROTOTYPES = YES;
				CLANG_WARN_SUSPICIOUS_MOVE = YES;
				CLANG_WARN_UNGUARDED_AVAILABILITY = YES_AGGRESSIVE;
				CLANG_WARN_UNREACHABLE_CODE = YES;
				CLANG_WARN__DUPLICATE_METHOD_MATCH = YES;
				CODE_SIGN_IDENTITY = "iPhone Developer";
				COPY_PHASE_STRIP = NO;
				DEBUG_INFORMATION_FORMAT = dwarf;
				ENABLE_STRICT_OBJC_MSGSEND = YES;
				ENABLE_TESTABILITY = YES;
				GCC_C_LANGUAGE_STANDARD = gnu11;
				GCC_DYNAMIC_NO_PIC = NO;
				GCC_NO_COMMON_BLOCKS = YES;
				GCC_OPTIMIZATION_LEVEL = 0;
				GCC_PREPROCESSOR_DEFINITIONS = (
					"DEBUG=1",
					"$(inherited)",
				);
				GCC_WARN_64_TO_32_BIT_CONVERSION = YES;
				GCC_WARN_ABOUT_RETURN_TYPE = YES_ERROR;
				GCC_WARN_UNDECLARED_SELECTOR = YES;
				GCC_WARN_UNINITIALIZED_AUTOS = YES_AGGRESSIVE;
				GCC_WARN_UNUSED_FUNCTION = YES;
				GCC_WARN_UNUSED_VARIABLE = YES;
				IPHONEOS_DEPLOYMENT_TARGET = 11.4;
				MTL_ENABLE_DEBUG_INFO = YES;
				ONLY_ACTIVE_ARCH = YES;
				SDKROOT = iphoneos;
				SWIFT_ACTIVE_COMPILATION_CONDITIONS = DEBUG;
				SWIFT_OPTIMIZATION_LEVEL = "-Onone";
			};
			name = Debug;
		};
		C9CEFD4320C7436E00C9D445 /* Release */ = {
			isa = XCBuildConfiguration;
			buildSettings = {
				ALWAYS_SEARCH_USER_PATHS = NO;
				CLANG_ANALYZER_NONNULL = YES;
				CLANG_ANALYZER_NUMBER_OBJECT_CONVERSION = YES_AGGRESSIVE;
				CLANG_CXX_LANGUAGE_STANDARD = "gnu++14";
				CLANG_CXX_LIBRARY = "libc++";
				CLANG_ENABLE_MODULES = YES;
				CLANG_ENABLE_OBJC_ARC = YES;
				CLANG_ENABLE_OBJC_WEAK = YES;
				CLANG_WARN_BLOCK_CAPTURE_AUTORELEASING = YES;
				CLANG_WARN_BOOL_CONVERSION = YES;
				CLANG_WARN_COMMA = YES;
				CLANG_WARN_CONSTANT_CONVERSION = YES;
				CLANG_WARN_DEPRECATED_OBJC_IMPLEMENTATIONS = YES;
				CLANG_WARN_DIRECT_OBJC_ISA_USAGE = YES_ERROR;
				CLANG_WARN_DOCUMENTATION_COMMENTS = YES;
				CLANG_WARN_EMPTY_BODY = YES;
				CLANG_WARN_ENUM_CONVERSION = YES;
				CLANG_WARN_INFINITE_RECURSION = YES;
				CLANG_WARN_INT_CONVERSION = YES;
				CLANG_WARN_NON_LITERAL_NULL_CONVERSION = YES;
				CLANG_WARN_OBJC_IMPLICIT_RETAIN_SELF = YES;
				CLANG_WARN_OBJC_LITERAL_CONVERSION = YES;
				CLANG_WARN_OBJC_ROOT_CLASS = YES_ERROR;
				CLANG_WARN_RANGE_LOOP_ANALYSIS = YES;
				CLANG_WARN_STRICT_PROTOTYPES = YES;
				CLANG_WARN_SUSPICIOUS_MOVE = YES;
				CLANG_WARN_UNGUARDED_AVAILABILITY = YES_AGGRESSIVE;
				CLANG_WARN_UNREACHABLE_CODE = YES;
				CLANG_WARN__DUPLICATE_METHOD_MATCH = YES;
				CODE_SIGN_IDENTITY = "iPhone Developer";
				COPY_PHASE_STRIP = NO;
				DEBUG_INFORMATION_FORMAT = "dwarf-with-dsym";
				ENABLE_NS_ASSERTIONS = NO;
				ENABLE_STRICT_OBJC_MSGSEND = YES;
				GCC_C_LANGUAGE_STANDARD = gnu11;
				GCC_NO_COMMON_BLOCKS = YES;
				GCC_WARN_64_TO_32_BIT_CONVERSION = YES;
				GCC_WARN_ABOUT_RETURN_TYPE = YES_ERROR;
				GCC_WARN_UNDECLARED_SELECTOR = YES;
				GCC_WARN_UNINITIALIZED_AUTOS = YES_AGGRESSIVE;
				GCC_WARN_UNUSED_FUNCTION = YES;
				GCC_WARN_UNUSED_VARIABLE = YES;
				IPHONEOS_DEPLOYMENT_TARGET = 11.4;
				MTL_ENABLE_DEBUG_INFO = NO;
				SDKROOT = iphoneos;
				SWIFT_COMPILATION_MODE = wholemodule;
				SWIFT_OPTIMIZATION_LEVEL = "-O";
				VALIDATE_PRODUCT = YES;
			};
			name = Release;
		};
		C9CEFD4520C7436E00C9D445 /* Debug */ = {
			isa = XCBuildConfiguration;
			buildSettings = {
				ASSETCATALOG_COMPILER_APPICON_NAME = AppIcon;
				CODE_SIGN_STYLE = Automatic;
				DEVELOPMENT_TEAM = 2AT9AA6JVF;
				INFOPLIST_FILE = Todoey/Info.plist;
				IPHONEOS_DEPLOYMENT_TARGET = 11.3;
				LD_RUNPATH_SEARCH_PATHS = (
					"$(inherited)",
					"@executable_path/Frameworks",
				);
				PRODUCT_BUNDLE_IDENTIFIER = com.josebenavides.Todoey;
				PRODUCT_NAME = "$(TARGET_NAME)";
				SWIFT_VERSION = 4.0;
				TARGETED_DEVICE_FAMILY = 1;
			};
			name = Debug;
		};
		C9CEFD4620C7436E00C9D445 /* Release */ = {
			isa = XCBuildConfiguration;
			buildSettings = {
				ASSETCATALOG_COMPILER_APPICON_NAME = AppIcon;
				CODE_SIGN_STYLE = Automatic;
				DEVELOPMENT_TEAM = 2AT9AA6JVF;
				INFOPLIST_FILE = Todoey/Info.plist;
				IPHONEOS_DEPLOYMENT_TARGET = 11.3;
				LD_RUNPATH_SEARCH_PATHS = (
					"$(inherited)",
					"@executable_path/Frameworks",
				);
				PRODUCT_BUNDLE_IDENTIFIER = com.josebenavides.Todoey;
				PRODUCT_NAME = "$(TARGET_NAME)";
				SWIFT_VERSION = 4.0;
				TARGETED_DEVICE_FAMILY = 1;
			};
			name = Release;
		};
		C9CEFD4820C7436E00C9D445 /* Debug */ = {
			isa = XCBuildConfiguration;
			buildSettings = {
				ALWAYS_EMBED_SWIFT_STANDARD_LIBRARIES = YES;
				BUNDLE_LOADER = "$(TEST_HOST)";
				CODE_SIGN_STYLE = Automatic;
				INFOPLIST_FILE = TodoeyTests/Info.plist;
				IPHONEOS_DEPLOYMENT_TARGET = 11.3;
				LD_RUNPATH_SEARCH_PATHS = (
					"$(inherited)",
					"@executable_path/Frameworks",
					"@loader_path/Frameworks",
				);
				PRODUCT_BUNDLE_IDENTIFIER = com.josebenavides.TodoeyTests;
				PRODUCT_NAME = "$(TARGET_NAME)";
				SWIFT_VERSION = 4.0;
				TARGETED_DEVICE_FAMILY = "1,2";
				TEST_HOST = "$(BUILT_PRODUCTS_DIR)/Todoey.app/Todoey";
			};
			name = Debug;
		};
		C9CEFD4920C7436E00C9D445 /* Release */ = {
			isa = XCBuildConfiguration;
			buildSettings = {
				ALWAYS_EMBED_SWIFT_STANDARD_LIBRARIES = YES;
				BUNDLE_LOADER = "$(TEST_HOST)";
				CODE_SIGN_STYLE = Automatic;
				INFOPLIST_FILE = TodoeyTests/Info.plist;
				IPHONEOS_DEPLOYMENT_TARGET = 11.3;
				LD_RUNPATH_SEARCH_PATHS = (
					"$(inherited)",
					"@executable_path/Frameworks",
					"@loader_path/Frameworks",
				);
				PRODUCT_BUNDLE_IDENTIFIER = com.josebenavides.TodoeyTests;
				PRODUCT_NAME = "$(TARGET_NAME)";
				SWIFT_VERSION = 4.0;
				TARGETED_DEVICE_FAMILY = "1,2";
				TEST_HOST = "$(BUILT_PRODUCTS_DIR)/Todoey.app/Todoey";
			};
			name = Release;
		};
		C9CEFD4B20C7436E00C9D445 /* Debug */ = {
			isa = XCBuildConfiguration;
			buildSettings = {
				ALWAYS_EMBED_SWIFT_STANDARD_LIBRARIES = YES;
				CODE_SIGN_STYLE = Automatic;
				INFOPLIST_FILE = TodoeyUITests/Info.plist;
				IPHONEOS_DEPLOYMENT_TARGET = 11.3;
				LD_RUNPATH_SEARCH_PATHS = (
					"$(inherited)",
					"@executable_path/Frameworks",
					"@loader_path/Frameworks",
				);
				PRODUCT_BUNDLE_IDENTIFIER = com.josebenavides.TodoeyUITests;
				PRODUCT_NAME = "$(TARGET_NAME)";
				SWIFT_VERSION = 4.0;
				TARGETED_DEVICE_FAMILY = "1,2";
				TEST_TARGET_NAME = Todoey;
			};
			name = Debug;
		};
		C9CEFD4C20C7436E00C9D445 /* Release */ = {
			isa = XCBuildConfiguration;
			buildSettings = {
				ALWAYS_EMBED_SWIFT_STANDARD_LIBRARIES = YES;
				CODE_SIGN_STYLE = Automatic;
				INFOPLIST_FILE = TodoeyUITests/Info.plist;
				IPHONEOS_DEPLOYMENT_TARGET = 11.3;
				LD_RUNPATH_SEARCH_PATHS = (
					"$(inherited)",
					"@executable_path/Frameworks",
					"@loader_path/Frameworks",
				);
				PRODUCT_BUNDLE_IDENTIFIER = com.josebenavides.TodoeyUITests;
				PRODUCT_NAME = "$(TARGET_NAME)";
				SWIFT_VERSION = 4.0;
				TARGETED_DEVICE_FAMILY = "1,2";
				TEST_TARGET_NAME = Todoey;
			};
			name = Release;
		};
/* End XCBuildConfiguration section */

/* Begin XCConfigurationList section */
		C9CEFD1720C7436C00C9D445 /* Build configuration list for PBXProject "Todoey" */ = {
			isa = XCConfigurationList;
			buildConfigurations = (
				C9CEFD4220C7436E00C9D445 /* Debug */,
				C9CEFD4320C7436E00C9D445 /* Release */,
			);
			defaultConfigurationIsVisible = 0;
			defaultConfigurationName = Release;
		};
		C9CEFD4420C7436E00C9D445 /* Build configuration list for PBXNativeTarget "Todoey" */ = {
			isa = XCConfigurationList;
			buildConfigurations = (
				C9CEFD4520C7436E00C9D445 /* Debug */,
				C9CEFD4620C7436E00C9D445 /* Release */,
			);
			defaultConfigurationIsVisible = 0;
			defaultConfigurationName = Release;
		};
		C9CEFD4720C7436E00C9D445 /* Build configuration list for PBXNativeTarget "TodoeyTests" */ = {
			isa = XCConfigurationList;
			buildConfigurations = (
				C9CEFD4820C7436E00C9D445 /* Debug */,
				C9CEFD4920C7436E00C9D445 /* Release */,
			);
			defaultConfigurationIsVisible = 0;
			defaultConfigurationName = Release;
		};
		C9CEFD4A20C7436E00C9D445 /* Build configuration list for PBXNativeTarget "TodoeyUITests" */ = {
			isa = XCConfigurationList;
			buildConfigurations = (
				C9CEFD4B20C7436E00C9D445 /* Debug */,
				C9CEFD4C20C7436E00C9D445 /* Release */,
			);
			defaultConfigurationIsVisible = 0;
			defaultConfigurationName = Release;
		};
/* End XCConfigurationList section */
	};
	rootObject = C9CEFD1420C7436C00C9D445 /* Project object */;
}
